
Microsoft Visual Studio Solution File, Format Version 11.00
# Visual Studio 2010
# SharpDevelop 4.4
Project("{FAE04EC0-301F-11D3-BF4B-00C04F79EFBC}") = "Club Deportivo", "Club Deportivo\Club Deportivo.csproj", "{18BBA25C-4E97-49C3-A2DC-E300F86F52B7}"
EndProject
Global
	GlobalSection(SolutionConfigurationPlatforms) = preSolution
		Debug|Any CPU = Debug|Any CPU
		Release|Any CPU = Release|Any CPU
	EndGlobalSection
	GlobalSection(ProjectConfigurationPlatforms) = postSolution
		{18BBA25C-4E97-49C3-A2DC-E300F86F52B7}.Debug|Any CPU.Build.0 = Debug|Any CPU
		{18BBA25C-4E97-49C3-A2DC-E300F86F52B7}.Debug|Any CPU.ActiveCfg = Debug|Any CPU
		{18BBA25C-4E97-49C3-A2DC-E300F86F52B7}.Release|Any CPU.Build.0 = Release|Any CPU
		{18BBA25C-4E97-49C3-A2DC-E300F86F52B7}.Release|Any CPU.ActiveCfg = Release|Any CPU
	EndGlobalSection
EndGlobal
